
Microsoft Visual Studio Solution File, Format Version 12.00
# Visual Studio Version 17
VisualStudioVersion = 17.9.34728.123
MinimumVisualStudioVersion = 10.0.40219.1
Project("{9A19103F-16F7-4668-BE54-9A1E7A4F7556}") = "Ecommerce.API", "EcommerceAPI\Ecommerce.API.csproj", "{70E16623-FFAB-4783-BBF2-CCEA6863F703}"
EndProject
Project("{9A19103F-16F7-4668-BE54-9A1E7A4F7556}") = "Ecommerce.Infrastructure", "Ecommerce.Infrastructure\Ecommerce.Infrastructure.csproj", "{999480BA-6646-421E-9C2E-DD5C34F29630}"
EndProject
Project("{9A19103F-16F7-4668-BE54-9A1E7A4F7556}") = "Ecommerce.Core", "Ecommerce.Core\Ecommerce.Core.csproj", "{7D67A20F-1210-4D1E-9580-630E6B03B720}"
EndProject
Project("{FAE04EC0-301F-11D3-BF4B-00C04F79EFBC}") = "Ecommerce.Services", "Ecommerce.Services\Ecommerce.Services.csproj", "{57341C2C-3949-4FEE-929C-3BADFA13EF30}"
EndProject
Global
	GlobalSection(SolutionConfigurationPlatforms) = preSolution
		Debug|Any CPU = Debug|Any CPU
		Release|Any CPU = Release|Any CPU
	EndGlobalSection
	GlobalSection(ProjectConfigurationPlatforms) = postSolution
		{70E16623-FFAB-4783-BBF2-CCEA6863F703}.Debug|Any CPU.ActiveCfg = Debug|Any CPU
		{70E16623-FFAB-4783-BBF2-CCEA6863F703}.Debug|Any CPU.Build.0 = Debug|Any CPU
		{70E16623-FFAB-4783-BBF2-CCEA6863F703}.Release|Any CPU.ActiveCfg = Release|Any CPU
		{70E16623-FFAB-4783-BBF2-CCEA6863F703}.Release|Any CPU.Build.0 = Release|Any CPU
		{999480BA-6646-421E-9C2E-DD5C34F29630}.Debug|Any CPU.ActiveCfg = Debug|Any CPU
		{999480BA-6646-421E-9C2E-DD5C34F29630}.Debug|Any CPU.Build.0 = Debug|Any CPU
		{999480BA-6646-421E-9C2E-DD5C34F29630}.Release|Any CPU.ActiveCfg = Release|Any CPU
		{999480BA-6646-421E-9C2E-DD5C34F29630}.Release|Any CPU.Build.0 = Release|Any CPU
		{7D67A20F-1210-4D1E-9580-630E6B03B720}.Debug|Any CPU.ActiveCfg = Debug|Any CPU
		{7D67A20F-1210-4D1E-9580-630E6B03B720}.Debug|Any CPU.Build.0 = Debug|Any CPU
		{7D67A20F-1210-4D1E-9580-630E6B03B720}.Release|Any CPU.ActiveCfg = Release|Any CPU
		{7D67A20F-1210-4D1E-9580-630E6B03B720}.Release|Any CPU.Build.0 = Release|Any CPU
		{57341C2C-3949-4FEE-929C-3BADFA13EF30}.Debug|Any CPU.ActiveCfg = Debug|Any CPU
		{57341C2C-3949-4FEE-929C-3BADFA13EF30}.Debug|Any CPU.Build.0 = Debug|Any CPU
		{57341C2C-3949-4FEE-929C-3BADFA13EF30}.Release|Any CPU.ActiveCfg = Release|Any CPU
		{57341C2C-3949-4FEE-929C-3BADFA13EF30}.Release|Any CPU.Build.0 = Release|Any CPU
	EndGlobalSection
	GlobalSection(SolutionProperties) = preSolution
		HideSolutionNode = FALSE
	EndGlobalSection
	GlobalSection(ExtensibilityGlobals) = postSolution
		SolutionGuid = {4D5DB966-B310-48EE-9C2D-8BFA916E68A8}
	EndGlobalSection
EndGlobal
